<?xml version="1.0" encoding="utf-8"?>
<Project ToolsVersion="4.0" xmlns="http://schemas.microsoft.com/developer/msbuild/2003">
  <ItemGroup>
    <Filter Include="Source Files">
      <UniqueIdentifier>{ccc66115-df56-40ce-8eb3-14330c70164f}</UniqueIdentifier>
      <Extensions>cpp;c;cxx;rc;def;r;odl;idl;hpj;bat</Extensions>
    </Filter>
    <Filter Include="Header Files">
      <UniqueIdentifier>{0a37e62f-4126-4f22-a4f7-892a4740ebf0}</UniqueIdentifier>
      <Extensions>h;hpp;hxx;hm;inl</Extensions>
    </Filter>
    <Filter Include="Resource Files">
      <UniqueIdentifier>{63218d3e-cf58-47c3-9432-539808c42604}</UniqueIdentifier>
      <Extensions>ico;cur;bmp;dlg;rc2;rct;bin;rgs;gif;jpg;jpeg;jpe</Extensions>
    </Filter>
  </ItemGroup>
  <ItemGroup>
    <ClCompile Include="definicje.cpp">
      <Filter>Source Files</Filter>
    </ClCompile>
    <ClCompile Include="interakcja.cpp">
      <Filter>Source Files</Filter>
    </ClCompile>
    <ClCompile Include="konfiguracja.cpp">
      <Filter>Source Files</Filter>
    </ClCompile>
    <ClCompile Include="model3DS.cpp">
      <Filter>Source Files</Filter>
    </ClCompile>
    <ClCompile Include="rysowanie.cpp">
      <Filter>Source Files</Filter>
    </ClCompile>
    <ClCompile Include="szablon.cpp">
      <Filter>Source Files</Filter>
    </ClCompile>
    <ClCompile Include="textureBMP.cpp">
      <Filter>Source Files</Filter>
    </ClCompile>
    <ClCompile Include="textureTGA.cpp">
      <Filter>Source Files</Filter>
    </ClCompile>
    <ClCompile Include="JPEG.cpp">
      <Filter>Source Files</Filter>
    </ClCompile>
  </ItemGroup>
  <ItemGroup>
    <ClInclude Include="model3DS.h">
      <Filter>Header Files</Filter>
    </ClInclude>
    <ClInclude Include="textureBMP.h">
      <Filter>Header Files</Filter>
    </ClInclude>
    <ClInclude Include="textureTGA.h">
      <Filter>Header Files</Filter>
    </ClInclude>
    <ClInclude Include="Vector.h">
      <Filter>Header Files</Filter>
    </ClInclude>
    <ClInclude Include="includes\Main.h">
      <Filter>Header Files</Filter>
    </ClInclude>
    <ClInclude Include="includes\JPEG.h">
      <Filter>Header Files</Filter>
    </ClInclude>
    <ClInclude Include="includes\jpeglib.h">
      <Filter>Header Files</Filter>
    </ClInclude>
  </ItemGroup>
</Project>